
Microsoft Visual Studio Solution File, Format Version 12.00
# Visual Studio Version 17
VisualStudioVersion = 17.1.32210.238
MinimumVisualStudioVersion = 10.0.40219.1
Project("{FAE04EC0-301F-11D3-BF4B-00C04F79EFBC}") = "MyGeneric", "MyGeneric\MyGeneric.csproj", "{8FE77C15-B020-4CEF-8120-FD9B5377E214}"
EndProject
Project("{FAE04EC0-301F-11D3-BF4B-00C04F79EFBC}") = "MyReflection", "MyReflection\MyReflection.csproj", "{90DC25D4-ED78-42D3-B90F-EF1306599913}"
EndProject
Project("{9A19103F-16F7-4668-BE54-9A1E7A4F7556}") = "MyAttribute", "MyAttribute\MyAttribute.csproj", "{0D037284-FD65-4F47-A92A-13632D8DF6B7}"
EndProject
Project("{FAE04EC0-301F-11D3-BF4B-00C04F79EFBC}") = "Vik1ang.Libraries.Model", "Vik1ang.Libraries.Model\Vik1ang.Libraries.Model.csproj", "{0B6F5E43-8E06-471D-B205-E7520CBCCAA6}"
EndProject
Project("{9A19103F-16F7-4668-BE54-9A1E7A4F7556}") = "Vik1ang.Libraries.Project", "Vik1ang.Libraries.Project\Vik1ang.Libraries.Project.csproj", "{8DF70200-116A-4CF0-8DF5-F5DDFAF6D5A9}"
EndProject
Project("{FAE04EC0-301F-11D3-BF4B-00C04F79EFBC}") = "Vik1ang.Framework", "Vik1ang.Framework\Vik1ang.Framework.csproj", "{BF6B2531-B7CA-4008-B3B8-BE770D824B0E}"
EndProject
Project("{FAE04EC0-301F-11D3-BF4B-00C04F79EFBC}") = "Vik1ang.Libraries.DAL", "Vik1ang.Libraries.DAL\Vik1ang.Libraries.DAL.csproj", "{999850A1-8917-4DFC-B2A6-3193F0CF52FF}"
EndProject
Project("{FAE04EC0-301F-11D3-BF4B-00C04F79EFBC}") = "Vik1ang.Libraries.IDAL", "Vik1ang.Libraries.IDAL\Vik1ang.Libraries.IDAL.csproj", "{FAD178BD-A6A9-4AF7-8CF1-7D15623674C9}"
EndProject
Project("{FAE04EC0-301F-11D3-BF4B-00C04F79EFBC}") = "Vik1ang.Libraries.Factory", "Vik1ang.Libraries.Factory\Vik1ang.Libraries.Factory.csproj", "{FCAE3D9C-33F4-4702-8033-7D2F28010DD7}"
EndProject
Project("{FAE04EC0-301F-11D3-BF4B-00C04F79EFBC}") = "MyDelegateEvent", "MyDelegateEvent\MyDelegateEvent.csproj", "{37C46306-0349-4EAF-8201-D4E29B0C7BDB}"
EndProject
Global
	GlobalSection(SolutionConfigurationPlatforms) = preSolution
		Debug|Any CPU = Debug|Any CPU
		Release|Any CPU = Release|Any CPU
	EndGlobalSection
	GlobalSection(ProjectConfigurationPlatforms) = postSolution
		{8FE77C15-B020-4CEF-8120-FD9B5377E214}.Debug|Any CPU.ActiveCfg = Debug|Any CPU
		{8FE77C15-B020-4CEF-8120-FD9B5377E214}.Debug|Any CPU.Build.0 = Debug|Any CPU
		{8FE77C15-B020-4CEF-8120-FD9B5377E214}.Release|Any CPU.ActiveCfg = Release|Any CPU
		{8FE77C15-B020-4CEF-8120-FD9B5377E214}.Release|Any CPU.Build.0 = Release|Any CPU
		{90DC25D4-ED78-42D3-B90F-EF1306599913}.Debug|Any CPU.ActiveCfg = Debug|Any CPU
		{90DC25D4-ED78-42D3-B90F-EF1306599913}.Debug|Any CPU.Build.0 = Debug|Any CPU
		{90DC25D4-ED78-42D3-B90F-EF1306599913}.Release|Any CPU.ActiveCfg = Release|Any CPU
		{90DC25D4-ED78-42D3-B90F-EF1306599913}.Release|Any CPU.Build.0 = Release|Any CPU
		{0D037284-FD65-4F47-A92A-13632D8DF6B7}.Debug|Any CPU.ActiveCfg = Debug|Any CPU
		{0D037284-FD65-4F47-A92A-13632D8DF6B7}.Debug|Any CPU.Build.0 = Debug|Any CPU
		{0D037284-FD65-4F47-A92A-13632D8DF6B7}.Release|Any CPU.ActiveCfg = Release|Any CPU
		{0D037284-FD65-4F47-A92A-13632D8DF6B7}.Release|Any CPU.Build.0 = Release|Any CPU
		{0B6F5E43-8E06-471D-B205-E7520CBCCAA6}.Debug|Any CPU.ActiveCfg = Debug|Any CPU
		{0B6F5E43-8E06-471D-B205-E7520CBCCAA6}.Debug|Any CPU.Build.0 = Debug|Any CPU
		{0B6F5E43-8E06-471D-B205-E7520CBCCAA6}.Release|Any CPU.ActiveCfg = Release|Any CPU
		{0B6F5E43-8E06-471D-B205-E7520CBCCAA6}.Release|Any CPU.Build.0 = Release|Any CPU
		{8DF70200-116A-4CF0-8DF5-F5DDFAF6D5A9}.Debug|Any CPU.ActiveCfg = Debug|Any CPU
		{8DF70200-116A-4CF0-8DF5-F5DDFAF6D5A9}.Debug|Any CPU.Build.0 = Debug|Any CPU
		{8DF70200-116A-4CF0-8DF5-F5DDFAF6D5A9}.Release|Any CPU.ActiveCfg = Release|Any CPU
		{8DF70200-116A-4CF0-8DF5-F5DDFAF6D5A9}.Release|Any CPU.Build.0 = Release|Any CPU
		{BF6B2531-B7CA-4008-B3B8-BE770D824B0E}.Debug|Any CPU.ActiveCfg = Debug|Any CPU
		{BF6B2531-B7CA-4008-B3B8-BE770D824B0E}.Debug|Any CPU.Build.0 = Debug|Any CPU
		{BF6B2531-B7CA-4008-B3B8-BE770D824B0E}.Release|Any CPU.ActiveCfg = Release|Any CPU
		{BF6B2531-B7CA-4008-B3B8-BE770D824B0E}.Release|Any CPU.Build.0 = Release|Any CPU
		{999850A1-8917-4DFC-B2A6-3193F0CF52FF}.Debug|Any CPU.ActiveCfg = Debug|Any CPU
		{999850A1-8917-4DFC-B2A6-3193F0CF52FF}.Debug|Any CPU.Build.0 = Debug|Any CPU
		{999850A1-8917-4DFC-B2A6-3193F0CF52FF}.Release|Any CPU.ActiveCfg = Release|Any CPU
		{999850A1-8917-4DFC-B2A6-3193F0CF52FF}.Release|Any CPU.Build.0 = Release|Any CPU
		{FAD178BD-A6A9-4AF7-8CF1-7D15623674C9}.Debug|Any CPU.ActiveCfg = Debug|Any CPU
		{FAD178BD-A6A9-4AF7-8CF1-7D15623674C9}.Debug|Any CPU.Build.0 = Debug|Any CPU
		{FAD178BD-A6A9-4AF7-8CF1-7D15623674C9}.Release|Any CPU.ActiveCfg = Release|Any CPU
		{FAD178BD-A6A9-4AF7-8CF1-7D15623674C9}.Release|Any CPU.Build.0 = Release|Any CPU
		{FCAE3D9C-33F4-4702-8033-7D2F28010DD7}.Debug|Any CPU.ActiveCfg = Debug|Any CPU
		{FCAE3D9C-33F4-4702-8033-7D2F28010DD7}.Debug|Any CPU.Build.0 = Debug|Any CPU
		{FCAE3D9C-33F4-4702-8033-7D2F28010DD7}.Release|Any CPU.ActiveCfg = Release|Any CPU
		{FCAE3D9C-33F4-4702-8033-7D2F28010DD7}.Release|Any CPU.Build.0 = Release|Any CPU
		{37C46306-0349-4EAF-8201-D4E29B0C7BDB}.Debug|Any CPU.ActiveCfg = Debug|Any CPU
		{37C46306-0349-4EAF-8201-D4E29B0C7BDB}.Debug|Any CPU.Build.0 = Debug|Any CPU
		{37C46306-0349-4EAF-8201-D4E29B0C7BDB}.Release|Any CPU.ActiveCfg = Release|Any CPU
		{37C46306-0349-4EAF-8201-D4E29B0C7BDB}.Release|Any CPU.Build.0 = Release|Any CPU
	EndGlobalSection
	GlobalSection(SolutionProperties) = preSolution
		HideSolutionNode = FALSE
	EndGlobalSection
	GlobalSection(ExtensibilityGlobals) = postSolution
		SolutionGuid = {D0181842-3987-4805-9F93-BC95A9D15BB7}
	EndGlobalSection
EndGlobal
